
Microsoft Visual Studio Solution File, Format Version 12.00
# Visual Studio Version 16
VisualStudioVersion = 16.0.29215.179
MinimumVisualStudioVersion = 10.0.40219.1
Project("{FAE04EC0-301F-11D3-BF4B-00C04F79EFBC}") = "HelloWorld", "HelloWorld\HelloWorld.csproj", "{AEFF1B4F-1F28-41D1-B2A8-37C83154180F}"
EndProject
Project("{FAE04EC0-301F-11D3-BF4B-00C04F79EFBC}") = "MovePolyline", "MovePolyline\MovePolyline.csproj", "{3AB0ACD3-0172-4377-847E-60F913ED16EA}"
EndProject
Project("{FAE04EC0-301F-11D3-BF4B-00C04F79EFBC}") = "LearningApplicationService", "LearningApplicationService\LearningApplicationService.csproj", "{06EB1CED-93A5-40E9-BE89-B8F6F4193D56}"
EndProject
Project("{FAE04EC0-301F-11D3-BF4B-00C04F79EFBC}") = "LearningDatabaseService", "LearningDatabaseService\LearningDatabaseService.csproj", "{8039C2DC-CEC8-473D-893C-B729D2BB2062}"
EndProject
Project("{FAE04EC0-301F-11D3-BF4B-00C04F79EFBC}") = "CreateEntity", "CreateEntity\CreateEntity.csproj", "{C16591BC-C500-4A0B-9BE4-ED825EE47641}"
EndProject
Project("{FAE04EC0-301F-11D3-BF4B-00C04F79EFBC}") = "HatchFill", "HatchFill\HatchFill.csproj", "{50D0963E-4565-4C39-93AA-4FFE8ABED54F}"
EndProject
Project("{FAE04EC0-301F-11D3-BF4B-00C04F79EFBC}") = "MyDimention", "MyDimention\MyDimention.csproj", "{76FB7AB2-B7D4-4E7F-BD2D-452B657B5E22}"
EndProject
Project("{FAE04EC0-301F-11D3-BF4B-00C04F79EFBC}") = "LearnningMatrix3d", "LearnningMatrix3d\LearnningMatrix3d.csproj", "{AF8BE67C-BE60-4D99-AC40-37824E3E3F7E}"
EndProject
Project("{FAE04EC0-301F-11D3-BF4B-00C04F79EFBC}") = "TestLearnningEditorInput", "TestLearnningEditorInput\TestLearnningEditorInput.csproj", "{58C8C7A9-4B64-41E3-9A43-F5CACCC11C63}"
EndProject
Project("{FAE04EC0-301F-11D3-BF4B-00C04F79EFBC}") = "LearnningGeometry", "LearnningGeometry\LearnningGeometry.csproj", "{85D0E586-58FC-4978-9835-5D535A62E3FE}"
EndProject
Project("{FAE04EC0-301F-11D3-BF4B-00C04F79EFBC}") = "LearnningBoundaryRepresentation", "LearnningBoundaryRepresentation\LearnningBoundaryRepresentation.csproj", "{160200F4-902A-4181-AC5C-C92D9F9683FF}"
EndProject
Project("{FAE04EC0-301F-11D3-BF4B-00C04F79EFBC}") = "LearnningRuntime", "LearnningRuntime\LearnningRuntime.csproj", "{E81C4D57-B724-4911-8193-48D86AE937EA}"
EndProject
Project("{FAE04EC0-301F-11D3-BF4B-00C04F79EFBC}") = "LearnningWindows", "LearnningWindows\LearnningWindows.csproj", "{27D096D9-B970-470E-A4A5-F6F7817FA958}"
EndProject
Project("{FAE04EC0-301F-11D3-BF4B-00C04F79EFBC}") = "MyDatabaseHelp", "MyDatabaseHelp\MyDatabaseHelp.csproj", "{D1EC2D6F-1986-470A-A37F-982FA197029B}"
EndProject
Project("{FAE04EC0-301F-11D3-BF4B-00C04F79EFBC}") = "PluginSample", "PluginSample\PluginSample.csproj", "{1D798851-4EDF-4FF3-9B4E-37BF01BC1C68}"
EndProject
Project("{FAE04EC0-301F-11D3-BF4B-00C04F79EFBC}") = "JigOperation", "JigOperation\JigOperation.csproj", "{42976A6C-1A61-4C83-A585-76774C073152}"
EndProject
Project("{FAE04EC0-301F-11D3-BF4B-00C04F79EFBC}") = "JigLineOperation20", "JigLineOperation20\JigLineOperation20.csproj", "{0A5DFF6D-2346-4CC5-920B-592D94BF57F0}"
EndProject
Project("{FAE04EC0-301F-11D3-BF4B-00C04F79EFBC}") = "CapturePicAndreadText", "CapturePicAndreadText\CapturePicAndreadText.csproj", "{75123910-F85D-4E1D-BE9A-DEC1DD89F9FE}"
EndProject
Project("{FAE04EC0-301F-11D3-BF4B-00C04F79EFBC}") = "DotNetARX", "2010\DotNetARX.csproj", "{5DDFCADA-BEA4-402C-B3E4-5C7F83C2F09E}"
EndProject
Project("{FAE04EC0-301F-11D3-BF4B-00C04F79EFBC}") = "example1", "example1\example1.csproj", "{4052742D-33C0-4EBC-A975-EB11D83E2263}"
EndProject
Project("{FAE04EC0-301F-11D3-BF4B-00C04F79EFBC}") = "LineResearch", "LineResearch\LineResearch.csproj", "{A545ECD7-41A4-497C-9985-09708561CBDD}"
EndProject
Project("{FAE04EC0-301F-11D3-BF4B-00C04F79EFBC}") = "ArxSample", "ArxSample\ArxSample\ArxSample.csproj", "{E9D9CDF8-471B-4013-A059-07EE384BF388}"
EndProject
Project("{FAE04EC0-301F-11D3-BF4B-00C04F79EFBC}") = "ArxPipeSample", "ArxPipeSample\ArxPipeSample\ArxPipeSample.csproj", "{B2DA0CD4-C51F-4D46-A74E-096A0FC24EA6}"
EndProject
Project("{FAE04EC0-301F-11D3-BF4B-00C04F79EFBC}") = "ConsoleAppReadHatch", "ConsoleAppReadHatch\ConsoleAppReadHatch.csproj", "{63BFAB2A-1B5F-43BB-BBA3-FDDBDB22ED2F}"
EndProject
Project("{FAE04EC0-301F-11D3-BF4B-00C04F79EFBC}") = "example2", "example2\example2.csproj", "{05EA87E0-3BE6-4CF7-A909-CEA89F9611BE}"
EndProject
Project("{FAE04EC0-301F-11D3-BF4B-00C04F79EFBC}") = "AutoNetLoad", "AutoNetLoad\AutoNetLoad.csproj", "{3962C947-634F-48D7-8D53-B3A48DED21F4}"
EndProject
Project("{FAE04EC0-301F-11D3-BF4B-00C04F79EFBC}") = "MyReactor", "MyReactor\MyReactor.csproj", "{06AD0DB0-669F-4C4F-A196-1F0095C2D7BB}"
EndProject
Project("{FAE04EC0-301F-11D3-BF4B-00C04F79EFBC}") = "LineResearch_Cir_CenterPoint", "LineResearch_Cir_CenterPoint\LineResearch_Cir_CenterPoint.csproj", "{88473517-56E5-4744-8FFD-A65CE62E8CBC}"
EndProject
Project("{FAE04EC0-301F-11D3-BF4B-00C04F79EFBC}") = "BlockFillTest", "BlockFillTest\BlockFillTest.csproj", "{6C00F749-0409-4C2E-B5D5-ECDDCFE1C6E4}"
EndProject
Project("{FAE04EC0-301F-11D3-BF4B-00C04F79EFBC}") = "EcdPrint", "EcdPrint2018版\EcdPrint.csproj", "{9234E407-554F-4F67-A300-47ACA96914C9}"
EndProject
Project("{FAE04EC0-301F-11D3-BF4B-00C04F79EFBC}") = "MyBinaryTree", "MyBinaryTree\MyBinaryTree.csproj", "{2A16E8AC-1257-4255-B99D-0BDBC223E42A}"
EndProject
Project("{FAE04EC0-301F-11D3-BF4B-00C04F79EFBC}") = "Interactive", "Interactive\Interactive.csproj", "{5F3B8179-4BE9-48AC-9B12-D58E9506CFAD}"
EndProject
Project("{FAE04EC0-301F-11D3-BF4B-00C04F79EFBC}") = "CustomSnap", "CustomSnap\CustomSnap.csproj", "{F654CE01-BC9D-4DD1-8369-2F55143E6AD1}"
EndProject
Project("{FAE04EC0-301F-11D3-BF4B-00C04F79EFBC}") = "MouseTip", "MouseTip\MouseTip.csproj", "{9B96014F-E76A-43E0-87E8-FC33D6A2DF5D}"
EndProject
Global
	GlobalSection(SolutionConfigurationPlatforms) = preSolution
		Debug|Any CPU = Debug|Any CPU
		Debug|x86 = Debug|x86
		Release|Any CPU = Release|Any CPU
		Release|x86 = Release|x86
	EndGlobalSection
	GlobalSection(ProjectConfigurationPlatforms) = postSolution
		{AEFF1B4F-1F28-41D1-B2A8-37C83154180F}.Debug|Any CPU.ActiveCfg = Debug|Any CPU
		{AEFF1B4F-1F28-41D1-B2A8-37C83154180F}.Debug|Any CPU.Build.0 = Debug|Any CPU
		{AEFF1B4F-1F28-41D1-B2A8-37C83154180F}.Debug|x86.ActiveCfg = Debug|Any CPU
		{AEFF1B4F-1F28-41D1-B2A8-37C83154180F}.Debug|x86.Build.0 = Debug|Any CPU
		{AEFF1B4F-1F28-41D1-B2A8-37C83154180F}.Release|Any CPU.ActiveCfg = Release|Any CPU
		{AEFF1B4F-1F28-41D1-B2A8-37C83154180F}.Release|Any CPU.Build.0 = Release|Any CPU
		{AEFF1B4F-1F28-41D1-B2A8-37C83154180F}.Release|x86.ActiveCfg = Release|Any CPU
		{AEFF1B4F-1F28-41D1-B2A8-37C83154180F}.Release|x86.Build.0 = Release|Any CPU
		{3AB0ACD3-0172-4377-847E-60F913ED16EA}.Debug|Any CPU.ActiveCfg = Debug|Any CPU
		{3AB0ACD3-0172-4377-847E-60F913ED16EA}.Debug|Any CPU.Build.0 = Debug|Any CPU
		{3AB0ACD3-0172-4377-847E-60F913ED16EA}.Debug|x86.ActiveCfg = Debug|Any CPU
		{3AB0ACD3-0172-4377-847E-60F913ED16EA}.Debug|x86.Build.0 = Debug|Any CPU
		{3AB0ACD3-0172-4377-847E-60F913ED16EA}.Release|Any CPU.ActiveCfg = Release|Any CPU
		{3AB0ACD3-0172-4377-847E-60F913ED16EA}.Release|Any CPU.Build.0 = Release|Any CPU
		{3AB0ACD3-0172-4377-847E-60F913ED16EA}.Release|x86.ActiveCfg = Release|Any CPU
		{3AB0ACD3-0172-4377-847E-60F913ED16EA}.Release|x86.Build.0 = Release|Any CPU
		{06EB1CED-93A5-40E9-BE89-B8F6F4193D56}.Debug|Any CPU.ActiveCfg = Debug|Any CPU
		{06EB1CED-93A5-40E9-BE89-B8F6F4193D56}.Debug|Any CPU.Build.0 = Debug|Any CPU
		{06EB1CED-93A5-40E9-BE89-B8F6F4193D56}.Debug|x86.ActiveCfg = Debug|Any CPU
		{06EB1CED-93A5-40E9-BE89-B8F6F4193D56}.Debug|x86.Build.0 = Debug|Any CPU
		{06EB1CED-93A5-40E9-BE89-B8F6F4193D56}.Release|Any CPU.ActiveCfg = Release|Any CPU
		{06EB1CED-93A5-40E9-BE89-B8F6F4193D56}.Release|Any CPU.Build.0 = Release|Any CPU
		{06EB1CED-93A5-40E9-BE89-B8F6F4193D56}.Release|x86.ActiveCfg = Release|Any CPU
		{06EB1CED-93A5-40E9-BE89-B8F6F4193D56}.Release|x86.Build.0 = Release|Any CPU
		{8039C2DC-CEC8-473D-893C-B729D2BB2062}.Debug|Any CPU.ActiveCfg = Debug|Any CPU
		{8039C2DC-CEC8-473D-893C-B729D2BB2062}.Debug|Any CPU.Build.0 = Debug|Any CPU
		{8039C2DC-CEC8-473D-893C-B729D2BB2062}.Debug|x86.ActiveCfg = Debug|Any CPU
		{8039C2DC-CEC8-473D-893C-B729D2BB2062}.Debug|x86.Build.0 = Debug|Any CPU
		{8039C2DC-CEC8-473D-893C-B729D2BB2062}.Release|Any CPU.ActiveCfg = Release|Any CPU
		{8039C2DC-CEC8-473D-893C-B729D2BB2062}.Release|Any CPU.Build.0 = Release|Any CPU
		{8039C2DC-CEC8-473D-893C-B729D2BB2062}.Release|x86.ActiveCfg = Release|Any CPU
		{8039C2DC-CEC8-473D-893C-B729D2BB2062}.Release|x86.Build.0 = Release|Any CPU
		{C16591BC-C500-4A0B-9BE4-ED825EE47641}.Debug|Any CPU.ActiveCfg = Debug|Any CPU
		{C16591BC-C500-4A0B-9BE4-ED825EE47641}.Debug|Any CPU.Build.0 = Debug|Any CPU
		{C16591BC-C500-4A0B-9BE4-ED825EE47641}.Debug|x86.ActiveCfg = Debug|Any CPU
		{C16591BC-C500-4A0B-9BE4-ED825EE47641}.Debug|x86.Build.0 = Debug|Any CPU
		{C16591BC-C500-4A0B-9BE4-ED825EE47641}.Release|Any CPU.ActiveCfg = Release|Any CPU
		{C16591BC-C500-4A0B-9BE4-ED825EE47641}.Release|Any CPU.Build.0 = Release|Any CPU
		{C16591BC-C500-4A0B-9BE4-ED825EE47641}.Release|x86.ActiveCfg = Release|Any CPU
		{C16591BC-C500-4A0B-9BE4-ED825EE47641}.Release|x86.Build.0 = Release|Any CPU
		{50D0963E-4565-4C39-93AA-4FFE8ABED54F}.Debug|Any CPU.ActiveCfg = Debug|Any CPU
		{50D0963E-4565-4C39-93AA-4FFE8ABED54F}.Debug|Any CPU.Build.0 = Debug|Any CPU
		{50D0963E-4565-4C39-93AA-4FFE8ABED54F}.Debug|x86.ActiveCfg = Debug|Any CPU
		{50D0963E-4565-4C39-93AA-4FFE8ABED54F}.Debug|x86.Build.0 = Debug|Any CPU
		{50D0963E-4565-4C39-93AA-4FFE8ABED54F}.Release|Any CPU.ActiveCfg = Release|Any CPU
		{50D0963E-4565-4C39-93AA-4FFE8ABED54F}.Release|Any CPU.Build.0 = Release|Any CPU
		{50D0963E-4565-4C39-93AA-4FFE8ABED54F}.Release|x86.ActiveCfg = Release|Any CPU
		{50D0963E-4565-4C39-93AA-4FFE8ABED54F}.Release|x86.Build.0 = Release|Any CPU
		{76FB7AB2-B7D4-4E7F-BD2D-452B657B5E22}.Debug|Any CPU.ActiveCfg = Debug|Any CPU
		{76FB7AB2-B7D4-4E7F-BD2D-452B657B5E22}.Debug|Any CPU.Build.0 = Debug|Any CPU
		{76FB7AB2-B7D4-4E7F-BD2D-452B657B5E22}.Debug|x86.ActiveCfg = Debug|Any CPU
		{76FB7AB2-B7D4-4E7F-BD2D-452B657B5E22}.Debug|x86.Build.0 = Debug|Any CPU
		{76FB7AB2-B7D4-4E7F-BD2D-452B657B5E22}.Release|Any CPU.ActiveCfg = Release|Any CPU
		{76FB7AB2-B7D4-4E7F-BD2D-452B657B5E22}.Release|Any CPU.Build.0 = Release|Any CPU
		{76FB7AB2-B7D4-4E7F-BD2D-452B657B5E22}.Release|x86.ActiveCfg = Release|Any CPU
		{76FB7AB2-B7D4-4E7F-BD2D-452B657B5E22}.Release|x86.Build.0 = Release|Any CPU
		{AF8BE67C-BE60-4D99-AC40-37824E3E3F7E}.Debug|Any CPU.ActiveCfg = Debug|Any CPU
		{AF8BE67C-BE60-4D99-AC40-37824E3E3F7E}.Debug|Any CPU.Build.0 = Debug|Any CPU
		{AF8BE67C-BE60-4D99-AC40-37824E3E3F7E}.Debug|x86.ActiveCfg = Debug|Any CPU
		{AF8BE67C-BE60-4D99-AC40-37824E3E3F7E}.Debug|x86.Build.0 = Debug|Any CPU
		{AF8BE67C-BE60-4D99-AC40-37824E3E3F7E}.Release|Any CPU.ActiveCfg = Release|Any CPU
		{AF8BE67C-BE60-4D99-AC40-37824E3E3F7E}.Release|Any CPU.Build.0 = Release|Any CPU
		{AF8BE67C-BE60-4D99-AC40-37824E3E3F7E}.Release|x86.ActiveCfg = Release|Any CPU
		{AF8BE67C-BE60-4D99-AC40-37824E3E3F7E}.Release|x86.Build.0 = Release|Any CPU
		{58C8C7A9-4B64-41E3-9A43-F5CACCC11C63}.Debug|Any CPU.ActiveCfg = Debug|Any CPU
		{58C8C7A9-4B64-41E3-9A43-F5CACCC11C63}.Debug|Any CPU.Build.0 = Debug|Any CPU
		{58C8C7A9-4B64-41E3-9A43-F5CACCC11C63}.Debug|x86.ActiveCfg = Debug|Any CPU
		{58C8C7A9-4B64-41E3-9A43-F5CACCC11C63}.Debug|x86.Build.0 = Debug|Any CPU
		{58C8C7A9-4B64-41E3-9A43-F5CACCC11C63}.Release|Any CPU.ActiveCfg = Release|Any CPU
		{58C8C7A9-4B64-41E3-9A43-F5CACCC11C63}.Release|Any CPU.Build.0 = Release|Any CPU
		{58C8C7A9-4B64-41E3-9A43-F5CACCC11C63}.Release|x86.ActiveCfg = Release|Any CPU
		{58C8C7A9-4B64-41E3-9A43-F5CACCC11C63}.Release|x86.Build.0 = Release|Any CPU
		{85D0E586-58FC-4978-9835-5D535A62E3FE}.Debug|Any CPU.ActiveCfg = Debug|Any CPU
		{85D0E586-58FC-4978-9835-5D535A62E3FE}.Debug|Any CPU.Build.0 = Debug|Any CPU
		{85D0E586-58FC-4978-9835-5D535A62E3FE}.Debug|x86.ActiveCfg = Debug|Any CPU
		{85D0E586-58FC-4978-9835-5D535A62E3FE}.Debug|x86.Build.0 = Debug|Any CPU
		{85D0E586-58FC-4978-9835-5D535A62E3FE}.Release|Any CPU.ActiveCfg = Release|Any CPU
		{85D0E586-58FC-4978-9835-5D535A62E3FE}.Release|Any CPU.Build.0 = Release|Any CPU
		{85D0E586-58FC-4978-9835-5D535A62E3FE}.Release|x86.ActiveCfg = Release|Any CPU
		{85D0E586-58FC-4978-9835-5D535A62E3FE}.Release|x86.Build.0 = Release|Any CPU
		{160200F4-902A-4181-AC5C-C92D9F9683FF}.Debug|Any CPU.ActiveCfg = Debug|Any CPU
		{160200F4-902A-4181-AC5C-C92D9F9683FF}.Debug|Any CPU.Build.0 = Debug|Any CPU
		{160200F4-902A-4181-AC5C-C92D9F9683FF}.Debug|x86.ActiveCfg = Debug|Any CPU
		{160200F4-902A-4181-AC5C-C92D9F9683FF}.Debug|x86.Build.0 = Debug|Any CPU
		{160200F4-902A-4181-AC5C-C92D9F9683FF}.Release|Any CPU.ActiveCfg = Release|Any CPU
		{160200F4-902A-4181-AC5C-C92D9F9683FF}.Release|Any CPU.Build.0 = Release|Any CPU
		{160200F4-902A-4181-AC5C-C92D9F9683FF}.Release|x86.ActiveCfg = Release|Any CPU
		{160200F4-902A-4181-AC5C-C92D9F9683FF}.Release|x86.Build.0 = Release|Any CPU
		{E81C4D57-B724-4911-8193-48D86AE937EA}.Debug|Any CPU.ActiveCfg = Debug|Any CPU
		{E81C4D57-B724-4911-8193-48D86AE937EA}.Debug|Any CPU.Build.0 = Debug|Any CPU
		{E81C4D57-B724-4911-8193-48D86AE937EA}.Debug|x86.ActiveCfg = Debug|Any CPU
		{E81C4D57-B724-4911-8193-48D86AE937EA}.Debug|x86.Build.0 = Debug|Any CPU
		{E81C4D57-B724-4911-8193-48D86AE937EA}.Release|Any CPU.ActiveCfg = Release|Any CPU
		{E81C4D57-B724-4911-8193-48D86AE937EA}.Release|Any CPU.Build.0 = Release|Any CPU
		{E81C4D57-B724-4911-8193-48D86AE937EA}.Release|x86.ActiveCfg = Release|Any CPU
		{E81C4D57-B724-4911-8193-48D86AE937EA}.Release|x86.Build.0 = Release|Any CPU
		{27D096D9-B970-470E-A4A5-F6F7817FA958}.Debug|Any CPU.ActiveCfg = Debug|Any CPU
		{27D096D9-B970-470E-A4A5-F6F7817FA958}.Debug|Any CPU.Build.0 = Debug|Any CPU
		{27D096D9-B970-470E-A4A5-F6F7817FA958}.Debug|x86.ActiveCfg = Debug|Any CPU
		{27D096D9-B970-470E-A4A5-F6F7817FA958}.Debug|x86.Build.0 = Debug|Any CPU
		{27D096D9-B970-470E-A4A5-F6F7817FA958}.Release|Any CPU.ActiveCfg = Release|Any CPU
		{27D096D9-B970-470E-A4A5-F6F7817FA958}.Release|Any CPU.Build.0 = Release|Any CPU
		{27D096D9-B970-470E-A4A5-F6F7817FA958}.Release|x86.ActiveCfg = Release|Any CPU
		{27D096D9-B970-470E-A4A5-F6F7817FA958}.Release|x86.Build.0 = Release|Any CPU
		{D1EC2D6F-1986-470A-A37F-982FA197029B}.Debug|Any CPU.ActiveCfg = Debug|Any CPU
		{D1EC2D6F-1986-470A-A37F-982FA197029B}.Debug|Any CPU.Build.0 = Debug|Any CPU
		{D1EC2D6F-1986-470A-A37F-982FA197029B}.Debug|x86.ActiveCfg = Debug|Any CPU
		{D1EC2D6F-1986-470A-A37F-982FA197029B}.Debug|x86.Build.0 = Debug|Any CPU
		{D1EC2D6F-1986-470A-A37F-982FA197029B}.Release|Any CPU.ActiveCfg = Release|Any CPU
		{D1EC2D6F-1986-470A-A37F-982FA197029B}.Release|Any CPU.Build.0 = Release|Any CPU
		{D1EC2D6F-1986-470A-A37F-982FA197029B}.Release|x86.ActiveCfg = Release|Any CPU
		{D1EC2D6F-1986-470A-A37F-982FA197029B}.Release|x86.Build.0 = Release|Any CPU
		{1D798851-4EDF-4FF3-9B4E-37BF01BC1C68}.Debug|Any CPU.ActiveCfg = Debug|Any CPU
		{1D798851-4EDF-4FF3-9B4E-37BF01BC1C68}.Debug|Any CPU.Build.0 = Debug|Any CPU
		{1D798851-4EDF-4FF3-9B4E-37BF01BC1C68}.Debug|x86.ActiveCfg = Debug|Any CPU
		{1D798851-4EDF-4FF3-9B4E-37BF01BC1C68}.Debug|x86.Build.0 = Debug|Any CPU
		{1D798851-4EDF-4FF3-9B4E-37BF01BC1C68}.Release|Any CPU.ActiveCfg = Release|Any CPU
		{1D798851-4EDF-4FF3-9B4E-37BF01BC1C68}.Release|Any CPU.Build.0 = Release|Any CPU
		{1D798851-4EDF-4FF3-9B4E-37BF01BC1C68}.Release|x86.ActiveCfg = Release|Any CPU
		{1D798851-4EDF-4FF3-9B4E-37BF01BC1C68}.Release|x86.Build.0 = Release|Any CPU
		{42976A6C-1A61-4C83-A585-76774C073152}.Debug|Any CPU.ActiveCfg = Debug|Any CPU
		{42976A6C-1A61-4C83-A585-76774C073152}.Debug|Any CPU.Build.0 = Debug|Any CPU
		{42976A6C-1A61-4C83-A585-76774C073152}.Debug|x86.ActiveCfg = Debug|Any CPU
		{42976A6C-1A61-4C83-A585-76774C073152}.Debug|x86.Build.0 = Debug|Any CPU
		{42976A6C-1A61-4C83-A585-76774C073152}.Release|Any CPU.ActiveCfg = Release|Any CPU
		{42976A6C-1A61-4C83-A585-76774C073152}.Release|Any CPU.Build.0 = Release|Any CPU
		{42976A6C-1A61-4C83-A585-76774C073152}.Release|x86.ActiveCfg = Release|Any CPU
		{42976A6C-1A61-4C83-A585-76774C073152}.Release|x86.Build.0 = Release|Any CPU
		{0A5DFF6D-2346-4CC5-920B-592D94BF57F0}.Debug|Any CPU.ActiveCfg = Debug|Any CPU
		{0A5DFF6D-2346-4CC5-920B-592D94BF57F0}.Debug|Any CPU.Build.0 = Debug|Any CPU
		{0A5DFF6D-2346-4CC5-920B-592D94BF57F0}.Debug|x86.ActiveCfg = Debug|Any CPU
		{0A5DFF6D-2346-4CC5-920B-592D94BF57F0}.Debug|x86.Build.0 = Debug|Any CPU
		{0A5DFF6D-2346-4CC5-920B-592D94BF57F0}.Release|Any CPU.ActiveCfg = Release|Any CPU
		{0A5DFF6D-2346-4CC5-920B-592D94BF57F0}.Release|Any CPU.Build.0 = Release|Any CPU
		{0A5DFF6D-2346-4CC5-920B-592D94BF57F0}.Release|x86.ActiveCfg = Release|Any CPU
		{0A5DFF6D-2346-4CC5-920B-592D94BF57F0}.Release|x86.Build.0 = Release|Any CPU
		{75123910-F85D-4E1D-BE9A-DEC1DD89F9FE}.Debug|Any CPU.ActiveCfg = Debug|Any CPU
		{75123910-F85D-4E1D-BE9A-DEC1DD89F9FE}.Debug|Any CPU.Build.0 = Debug|Any CPU
		{75123910-F85D-4E1D-BE9A-DEC1DD89F9FE}.Debug|x86.ActiveCfg = Debug|Any CPU
		{75123910-F85D-4E1D-BE9A-DEC1DD89F9FE}.Debug|x86.Build.0 = Debug|Any CPU
		{75123910-F85D-4E1D-BE9A-DEC1DD89F9FE}.Release|Any CPU.ActiveCfg = Release|Any CPU
		{75123910-F85D-4E1D-BE9A-DEC1DD89F9FE}.Release|Any CPU.Build.0 = Release|Any CPU
		{75123910-F85D-4E1D-BE9A-DEC1DD89F9FE}.Release|x86.ActiveCfg = Release|Any CPU
		{75123910-F85D-4E1D-BE9A-DEC1DD89F9FE}.Release|x86.Build.0 = Release|Any CPU
		{5DDFCADA-BEA4-402C-B3E4-5C7F83C2F09E}.Debug|Any CPU.ActiveCfg = Debug|Any CPU
		{5DDFCADA-BEA4-402C-B3E4-5C7F83C2F09E}.Debug|Any CPU.Build.0 = Debug|Any CPU
		{5DDFCADA-BEA4-402C-B3E4-5C7F83C2F09E}.Debug|x86.ActiveCfg = Debug|Any CPU
		{5DDFCADA-BEA4-402C-B3E4-5C7F83C2F09E}.Debug|x86.Build.0 = Debug|Any CPU
		{5DDFCADA-BEA4-402C-B3E4-5C7F83C2F09E}.Release|Any CPU.ActiveCfg = Release|Any CPU
		{5DDFCADA-BEA4-402C-B3E4-5C7F83C2F09E}.Release|Any CPU.Build.0 = Release|Any CPU
		{5DDFCADA-BEA4-402C-B3E4-5C7F83C2F09E}.Release|x86.ActiveCfg = Release|Any CPU
		{5DDFCADA-BEA4-402C-B3E4-5C7F83C2F09E}.Release|x86.Build.0 = Release|Any CPU
		{4052742D-33C0-4EBC-A975-EB11D83E2263}.Debug|Any CPU.ActiveCfg = Debug|Any CPU
		{4052742D-33C0-4EBC-A975-EB11D83E2263}.Debug|Any CPU.Build.0 = Debug|Any CPU
		{4052742D-33C0-4EBC-A975-EB11D83E2263}.Debug|x86.ActiveCfg = Debug|Any CPU
		{4052742D-33C0-4EBC-A975-EB11D83E2263}.Debug|x86.Build.0 = Debug|Any CPU
		{4052742D-33C0-4EBC-A975-EB11D83E2263}.Release|Any CPU.ActiveCfg = Release|Any CPU
		{4052742D-33C0-4EBC-A975-EB11D83E2263}.Release|Any CPU.Build.0 = Release|Any CPU
		{4052742D-33C0-4EBC-A975-EB11D83E2263}.Release|x86.ActiveCfg = Release|Any CPU
		{4052742D-33C0-4EBC-A975-EB11D83E2263}.Release|x86.Build.0 = Release|Any CPU
		{A545ECD7-41A4-497C-9985-09708561CBDD}.Debug|Any CPU.ActiveCfg = Debug|Any CPU
		{A545ECD7-41A4-497C-9985-09708561CBDD}.Debug|Any CPU.Build.0 = Debug|Any CPU
		{A545ECD7-41A4-497C-9985-09708561CBDD}.Debug|x86.ActiveCfg = Debug|Any CPU
		{A545ECD7-41A4-497C-9985-09708561CBDD}.Debug|x86.Build.0 = Debug|Any CPU
		{A545ECD7-41A4-497C-9985-09708561CBDD}.Release|Any CPU.ActiveCfg = Release|Any CPU
		{A545ECD7-41A4-497C-9985-09708561CBDD}.Release|Any CPU.Build.0 = Release|Any CPU
		{A545ECD7-41A4-497C-9985-09708561CBDD}.Release|x86.ActiveCfg = Release|Any CPU
		{A545ECD7-41A4-497C-9985-09708561CBDD}.Release|x86.Build.0 = Release|Any CPU
		{E9D9CDF8-471B-4013-A059-07EE384BF388}.Debug|Any CPU.ActiveCfg = Debug|Any CPU
		{E9D9CDF8-471B-4013-A059-07EE384BF388}.Debug|Any CPU.Build.0 = Debug|Any CPU
		{E9D9CDF8-471B-4013-A059-07EE384BF388}.Debug|x86.ActiveCfg = Debug|Any CPU
		{E9D9CDF8-471B-4013-A059-07EE384BF388}.Debug|x86.Build.0 = Debug|Any CPU
		{E9D9CDF8-471B-4013-A059-07EE384BF388}.Release|Any CPU.ActiveCfg = Release|Any CPU
		{E9D9CDF8-471B-4013-A059-07EE384BF388}.Release|Any CPU.Build.0 = Release|Any CPU
		{E9D9CDF8-471B-4013-A059-07EE384BF388}.Release|x86.ActiveCfg = Release|Any CPU
		{E9D9CDF8-471B-4013-A059-07EE384BF388}.Release|x86.Build.0 = Release|Any CPU
		{B2DA0CD4-C51F-4D46-A74E-096A0FC24EA6}.Debug|Any CPU.ActiveCfg = Debug|Any CPU
		{B2DA0CD4-C51F-4D46-A74E-096A0FC24EA6}.Debug|Any CPU.Build.0 = Debug|Any CPU
		{B2DA0CD4-C51F-4D46-A74E-096A0FC24EA6}.Debug|x86.ActiveCfg = Debug|Any CPU
		{B2DA0CD4-C51F-4D46-A74E-096A0FC24EA6}.Debug|x86.Build.0 = Debug|Any CPU
		{B2DA0CD4-C51F-4D46-A74E-096A0FC24EA6}.Release|Any CPU.ActiveCfg = Release|Any CPU
		{B2DA0CD4-C51F-4D46-A74E-096A0FC24EA6}.Release|Any CPU.Build.0 = Release|Any CPU
		{B2DA0CD4-C51F-4D46-A74E-096A0FC24EA6}.Release|x86.ActiveCfg = Release|Any CPU
		{B2DA0CD4-C51F-4D46-A74E-096A0FC24EA6}.Release|x86.Build.0 = Release|Any CPU
		{63BFAB2A-1B5F-43BB-BBA3-FDDBDB22ED2F}.Debug|Any CPU.ActiveCfg = Debug|Any CPU
		{63BFAB2A-1B5F-43BB-BBA3-FDDBDB22ED2F}.Debug|Any CPU.Build.0 = Debug|Any CPU
		{63BFAB2A-1B5F-43BB-BBA3-FDDBDB22ED2F}.Debug|x86.ActiveCfg = Debug|Any CPU
		{63BFAB2A-1B5F-43BB-BBA3-FDDBDB22ED2F}.Debug|x86.Build.0 = Debug|Any CPU
		{63BFAB2A-1B5F-43BB-BBA3-FDDBDB22ED2F}.Release|Any CPU.ActiveCfg = Release|Any CPU
		{63BFAB2A-1B5F-43BB-BBA3-FDDBDB22ED2F}.Release|Any CPU.Build.0 = Release|Any CPU
		{63BFAB2A-1B5F-43BB-BBA3-FDDBDB22ED2F}.Release|x86.ActiveCfg = Release|Any CPU
		{63BFAB2A-1B5F-43BB-BBA3-FDDBDB22ED2F}.Release|x86.Build.0 = Release|Any CPU
		{05EA87E0-3BE6-4CF7-A909-CEA89F9611BE}.Debug|Any CPU.ActiveCfg = Debug|Any CPU
		{05EA87E0-3BE6-4CF7-A909-CEA89F9611BE}.Debug|Any CPU.Build.0 = Debug|Any CPU
		{05EA87E0-3BE6-4CF7-A909-CEA89F9611BE}.Debug|x86.ActiveCfg = Debug|Any CPU
		{05EA87E0-3BE6-4CF7-A909-CEA89F9611BE}.Debug|x86.Build.0 = Debug|Any CPU
		{05EA87E0-3BE6-4CF7-A909-CEA89F9611BE}.Release|Any CPU.ActiveCfg = Release|Any CPU
		{05EA87E0-3BE6-4CF7-A909-CEA89F9611BE}.Release|Any CPU.Build.0 = Release|Any CPU
		{05EA87E0-3BE6-4CF7-A909-CEA89F9611BE}.Release|x86.ActiveCfg = Release|Any CPU
		{05EA87E0-3BE6-4CF7-A909-CEA89F9611BE}.Release|x86.Build.0 = Release|Any CPU
		{3962C947-634F-48D7-8D53-B3A48DED21F4}.Debug|Any CPU.ActiveCfg = Debug|x86
		{3962C947-634F-48D7-8D53-B3A48DED21F4}.Debug|x86.ActiveCfg = Debug|x86
		{3962C947-634F-48D7-8D53-B3A48DED21F4}.Debug|x86.Build.0 = Debug|x86
		{3962C947-634F-48D7-8D53-B3A48DED21F4}.Release|Any CPU.ActiveCfg = Release|x86
		{3962C947-634F-48D7-8D53-B3A48DED21F4}.Release|x86.ActiveCfg = Release|x86
		{3962C947-634F-48D7-8D53-B3A48DED21F4}.Release|x86.Build.0 = Release|x86
		{06AD0DB0-669F-4C4F-A196-1F0095C2D7BB}.Debug|Any CPU.ActiveCfg = Debug|Any CPU
		{06AD0DB0-669F-4C4F-A196-1F0095C2D7BB}.Debug|Any CPU.Build.0 = Debug|Any CPU
		{06AD0DB0-669F-4C4F-A196-1F0095C2D7BB}.Debug|x86.ActiveCfg = Debug|Any CPU
		{06AD0DB0-669F-4C4F-A196-1F0095C2D7BB}.Debug|x86.Build.0 = Debug|Any CPU
		{06AD0DB0-669F-4C4F-A196-1F0095C2D7BB}.Release|Any CPU.ActiveCfg = Release|Any CPU
		{06AD0DB0-669F-4C4F-A196-1F0095C2D7BB}.Release|Any CPU.Build.0 = Release|Any CPU
		{06AD0DB0-669F-4C4F-A196-1F0095C2D7BB}.Release|x86.ActiveCfg = Release|Any CPU
		{06AD0DB0-669F-4C4F-A196-1F0095C2D7BB}.Release|x86.Build.0 = Release|Any CPU
		{88473517-56E5-4744-8FFD-A65CE62E8CBC}.Debug|Any CPU.ActiveCfg = Debug|Any CPU
		{88473517-56E5-4744-8FFD-A65CE62E8CBC}.Debug|Any CPU.Build.0 = Debug|Any CPU
		{88473517-56E5-4744-8FFD-A65CE62E8CBC}.Debug|x86.ActiveCfg = Debug|Any CPU
		{88473517-56E5-4744-8FFD-A65CE62E8CBC}.Debug|x86.Build.0 = Debug|Any CPU
		{88473517-56E5-4744-8FFD-A65CE62E8CBC}.Release|Any CPU.ActiveCfg = Release|Any CPU
		{88473517-56E5-4744-8FFD-A65CE62E8CBC}.Release|Any CPU.Build.0 = Release|Any CPU
		{88473517-56E5-4744-8FFD-A65CE62E8CBC}.Release|x86.ActiveCfg = Release|Any CPU
		{88473517-56E5-4744-8FFD-A65CE62E8CBC}.Release|x86.Build.0 = Release|Any CPU
		{6C00F749-0409-4C2E-B5D5-ECDDCFE1C6E4}.Debug|Any CPU.ActiveCfg = Debug|Any CPU
		{6C00F749-0409-4C2E-B5D5-ECDDCFE1C6E4}.Debug|Any CPU.Build.0 = Debug|Any CPU
		{6C00F749-0409-4C2E-B5D5-ECDDCFE1C6E4}.Debug|x86.ActiveCfg = Debug|Any CPU
		{6C00F749-0409-4C2E-B5D5-ECDDCFE1C6E4}.Debug|x86.Build.0 = Debug|Any CPU
		{6C00F749-0409-4C2E-B5D5-ECDDCFE1C6E4}.Release|Any CPU.ActiveCfg = Release|Any CPU
		{6C00F749-0409-4C2E-B5D5-ECDDCFE1C6E4}.Release|Any CPU.Build.0 = Release|Any CPU
		{6C00F749-0409-4C2E-B5D5-ECDDCFE1C6E4}.Release|x86.ActiveCfg = Release|Any CPU
		{6C00F749-0409-4C2E-B5D5-ECDDCFE1C6E4}.Release|x86.Build.0 = Release|Any CPU
		{9234E407-554F-4F67-A300-47ACA96914C9}.Debug|Any CPU.ActiveCfg = Debug|Any CPU
		{9234E407-554F-4F67-A300-47ACA96914C9}.Debug|Any CPU.Build.0 = Debug|Any CPU
		{9234E407-554F-4F67-A300-47ACA96914C9}.Debug|x86.ActiveCfg = Debug|Any CPU
		{9234E407-554F-4F67-A300-47ACA96914C9}.Debug|x86.Build.0 = Debug|Any CPU
		{9234E407-554F-4F67-A300-47ACA96914C9}.Release|Any CPU.ActiveCfg = Release|Any CPU
		{9234E407-554F-4F67-A300-47ACA96914C9}.Release|Any CPU.Build.0 = Release|Any CPU
		{9234E407-554F-4F67-A300-47ACA96914C9}.Release|x86.ActiveCfg = Release|Any CPU
		{9234E407-554F-4F67-A300-47ACA96914C9}.Release|x86.Build.0 = Release|Any CPU
		{2A16E8AC-1257-4255-B99D-0BDBC223E42A}.Debug|Any CPU.ActiveCfg = Debug|Any CPU
		{2A16E8AC-1257-4255-B99D-0BDBC223E42A}.Debug|Any CPU.Build.0 = Debug|Any CPU
		{2A16E8AC-1257-4255-B99D-0BDBC223E42A}.Debug|x86.ActiveCfg = Debug|Any CPU
		{2A16E8AC-1257-4255-B99D-0BDBC223E42A}.Debug|x86.Build.0 = Debug|Any CPU
		{2A16E8AC-1257-4255-B99D-0BDBC223E42A}.Release|Any CPU.ActiveCfg = Release|Any CPU
		{2A16E8AC-1257-4255-B99D-0BDBC223E42A}.Release|Any CPU.Build.0 = Release|Any CPU
		{2A16E8AC-1257-4255-B99D-0BDBC223E42A}.Release|x86.ActiveCfg = Release|Any CPU
		{2A16E8AC-1257-4255-B99D-0BDBC223E42A}.Release|x86.Build.0 = Release|Any CPU
		{5F3B8179-4BE9-48AC-9B12-D58E9506CFAD}.Debug|Any CPU.ActiveCfg = Debug|Any CPU
		{5F3B8179-4BE9-48AC-9B12-D58E9506CFAD}.Debug|Any CPU.Build.0 = Debug|Any CPU
		{5F3B8179-4BE9-48AC-9B12-D58E9506CFAD}.Debug|x86.ActiveCfg = Debug|Any CPU
		{5F3B8179-4BE9-48AC-9B12-D58E9506CFAD}.Debug|x86.Build.0 = Debug|Any CPU
		{5F3B8179-4BE9-48AC-9B12-D58E9506CFAD}.Release|Any CPU.ActiveCfg = Release|Any CPU
		{5F3B8179-4BE9-48AC-9B12-D58E9506CFAD}.Release|Any CPU.Build.0 = Release|Any CPU
		{5F3B8179-4BE9-48AC-9B12-D58E9506CFAD}.Release|x86.ActiveCfg = Release|Any CPU
		{5F3B8179-4BE9-48AC-9B12-D58E9506CFAD}.Release|x86.Build.0 = Release|Any CPU
		{F654CE01-BC9D-4DD1-8369-2F55143E6AD1}.Debug|Any CPU.ActiveCfg = Debug|Any CPU
		{F654CE01-BC9D-4DD1-8369-2F55143E6AD1}.Debug|Any CPU.Build.0 = Debug|Any CPU
		{F654CE01-BC9D-4DD1-8369-2F55143E6AD1}.Debug|x86.ActiveCfg = Debug|Any CPU
		{F654CE01-BC9D-4DD1-8369-2F55143E6AD1}.Debug|x86.Build.0 = Debug|Any CPU
		{F654CE01-BC9D-4DD1-8369-2F55143E6AD1}.Release|Any CPU.ActiveCfg = Release|Any CPU
		{F654CE01-BC9D-4DD1-8369-2F55143E6AD1}.Release|Any CPU.Build.0 = Release|Any CPU
		{F654CE01-BC9D-4DD1-8369-2F55143E6AD1}.Release|x86.ActiveCfg = Release|Any CPU
		{F654CE01-BC9D-4DD1-8369-2F55143E6AD1}.Release|x86.Build.0 = Release|Any CPU
		{9B96014F-E76A-43E0-87E8-FC33D6A2DF5D}.Debug|Any CPU.ActiveCfg = Debug|Any CPU
		{9B96014F-E76A-43E0-87E8-FC33D6A2DF5D}.Debug|Any CPU.Build.0 = Debug|Any CPU
		{9B96014F-E76A-43E0-87E8-FC33D6A2DF5D}.Debug|x86.ActiveCfg = Debug|Any CPU
		{9B96014F-E76A-43E0-87E8-FC33D6A2DF5D}.Debug|x86.Build.0 = Debug|Any CPU
		{9B96014F-E76A-43E0-87E8-FC33D6A2DF5D}.Release|Any CPU.ActiveCfg = Release|Any CPU
		{9B96014F-E76A-43E0-87E8-FC33D6A2DF5D}.Release|Any CPU.Build.0 = Release|Any CPU
		{9B96014F-E76A-43E0-87E8-FC33D6A2DF5D}.Release|x86.ActiveCfg = Release|Any CPU
		{9B96014F-E76A-43E0-87E8-FC33D6A2DF5D}.Release|x86.Build.0 = Release|Any CPU
	EndGlobalSection
	GlobalSection(SolutionProperties) = preSolution
		HideSolutionNode = FALSE
	EndGlobalSection
	GlobalSection(ExtensibilityGlobals) = postSolution
		SolutionGuid = {26BE5FFF-3E68-4693-957D-50BB5F520AB9}
	EndGlobalSection
EndGlobal
